
Microsoft Visual Studio Solution File, Format Version 12.00
# Visual Studio 2013
VisualStudioVersion = 12.0.21005.1
MinimumVisualStudioVersion = 10.0.40219.1
Project("{FAE04EC0-301F-11D3-BF4B-00C04F79EFBC}") = "Vcredit.WeiXin.RestService", "Vcredit.WeiXin.RestService\Vcredit.WeiXin.RestService.csproj", "{5C5F34AB-3CAF-469B-A224-687C15A1AD7D}"
EndProject
Project("{FAE04EC0-301F-11D3-BF4B-00C04F79EFBC}") = "Vcredit.NetSpider.Service", "Vcredit.NetSpider.Service\Vcredit.NetSpider.Service.csproj", "{B1FA16B8-71FE-4F45-9D19-2513007CAE8D}"
EndProject
Project("{FAE04EC0-301F-11D3-BF4B-00C04F79EFBC}") = "Vcredit.NetSpider.RestService", "Vcredit.NetSpider.RestService\Vcredit.NetSpider.RestService.csproj", "{F0D2BBE3-2AE9-45A5-A710-560BD7D1E807}"
EndProject
Project("{FAE04EC0-301F-11D3-BF4B-00C04F79EFBC}") = "Vcredit.NetSpider.Processor", "Vcredit.NetSpider.Processor\Vcredit.NetSpider.Processor.csproj", "{945B9B03-4C8A-405A-942A-D3D33B2C0F61}"
EndProject
Project("{2150E333-8FDC-42A3-9474-1A3956D46DE8}") = "Client", "Client", "{752647D0-6E84-4847-B7B5-E2F663B9BF86}"
EndProject
Project("{2150E333-8FDC-42A3-9474-1A3956D46DE8}") = "Core", "Core", "{B2C82643-012D-4584-BD6C-C4FD58303464}"
EndProject
Project("{2150E333-8FDC-42A3-9474-1A3956D46DE8}") = "Server", "Server", "{6E209785-C20F-4718-8617-80EE4C06D582}"
EndProject
Project("{2150E333-8FDC-42A3-9474-1A3956D46DE8}") = "Spider", "Spider", "{AE5E8D2E-0BF2-4E94-B7DF-8B203FE686EB}"
EndProject
Project("{2150E333-8FDC-42A3-9474-1A3956D46DE8}") = "DB", "DB", "{2009606C-02E8-4B3D-9554-0044A641A6D9}"
EndProject
Project("{FAE04EC0-301F-11D3-BF4B-00C04F79EFBC}") = "Vcredit.NetSpider.Entity", "Vcredit.NetSpider.Entity\Vcredit.NetSpider.Entity.csproj", "{390F2771-B29E-4D0B-822E-68005DE430A8}"
EndProject
Project("{FAE04EC0-301F-11D3-BF4B-00C04F79EFBC}") = "Vcredit.NetSpider.DataAccess", "Vcredit.NetSpider.DataAccess\Vcredit.NetSpider.DataAccess.csproj", "{7CE4C3DF-7974-4B6B-8728-1D3918CA0F3F}"
EndProject
Project("{FAE04EC0-301F-11D3-BF4B-00C04F79EFBC}") = "Vcredit.NetSpider.Dao", "Vcredit.NetSpider.Dao\Vcredit.NetSpider.Dao.csproj", "{7B7470A7-1DA0-4299-AD98-AF459885E4B9}"
EndProject
Project("{FAE04EC0-301F-11D3-BF4B-00C04F79EFBC}") = "Vcredit.NetSpider.Crawler", "Vcredit.NetSpider.Crawler\Vcredit.NetSpider.Crawler.csproj", "{5DC74ABE-016D-44E5-AA0D-C267196F783B}"
EndProject
Project("{FAE04EC0-301F-11D3-BF4B-00C04F79EFBC}") = "Vcredit.Common", "Vcredit.Common\Vcredit.Common.csproj", "{678F8F20-5DD4-4F63-BDD4-4085238553CD}"
EndProject
Project("{FAE04EC0-301F-11D3-BF4B-00C04F79EFBC}") = "Vcredit.NetSpider.PluginManager", "Vcredit.NetSpider.PluginManager\Vcredit.NetSpider.PluginManager.csproj", "{F5406938-F22F-41A1-B6A8-229C4CB07CB7}"
EndProject
Project("{FAE04EC0-301F-11D3-BF4B-00C04F79EFBC}") = "TestConsoleApp", "TestConsoleApp\TestConsoleApp.csproj", "{90A347A6-2C5A-41FF-89FE-2F46D8ADB6DF}"
EndProject
Project("{FAE04EC0-301F-11D3-BF4B-00C04F79EFBC}") = "Vcredit.NetSpider.ThirdParty", "Vcredit.NetSpider.ThirdParty\Vcredit.NetSpider.ThirdParty.csproj", "{40E01998-FF1D-46CC-9A2F-B476BA754EAF}"
EndProject
Project("{FAE04EC0-301F-11D3-BF4B-00C04F79EFBC}") = "Vcredit.NetSpider.Schedule", "Vcredit.NetSpider.Schedule\Vcredit.NetSpider.Schedule.csproj", "{93E40057-8FB5-4D09-B964-AEF15C497B3A}"
EndProject
Project("{FAE04EC0-301F-11D3-BF4B-00C04F79EFBC}") = "Vcredit.NetSpider.Cache", "Vcredit.NetSpider.Cache\Vcredit.NetSpider.Cache.csproj", "{3CAA7749-DA90-4A73-93B3-408FA051ADFB}"
EndProject
Project("{FAE04EC0-301F-11D3-BF4B-00C04F79EFBC}") = "Vcredit.NetSpider.Monitor", "Vcredit.NetSpider.Monitor\Vcredit.NetSpider.Monitor.csproj", "{DFEB14EF-D235-4A82-A42F-3392DD18BC6C}"
EndProject
Global
	GlobalSection(TeamFoundationVersionControl) = preSolution
		SccNumberOfProjects = 16
		SccEnterpriseProvider = {4CA58AB2-18FA-4F8D-95D4-32DDF27D184C}
		SccTeamFoundationServer = http://10.138.60.31:8080/tfs/spidercollection
		SccLocalPath0 = .
		SccProjectUniqueName1 = Vcredit.Common\\Vcredit.Common.csproj
		SccProjectTopLevelParentUniqueName1 = NetSpider.sln
		SccProjectName1 = Vcredit.Common
		SccLocalPath1 = Vcredit.Common
		SccProjectUniqueName2 = Vcredit.NetSpider.Entity\\Vcredit.NetSpider.Entity.csproj
		SccProjectTopLevelParentUniqueName2 = NetSpider.sln
		SccProjectName2 = Vcredit.NetSpider.Entity
		SccLocalPath2 = Vcredit.NetSpider.Entity
		SccProjectUniqueName3 = Vcredit.NetSpider.PluginManager\\Vcredit.NetSpider.PluginManager.csproj
		SccProjectTopLevelParentUniqueName3 = NetSpider.sln
		SccProjectName3 = Vcredit.NetSpider.PluginManager
		SccLocalPath3 = Vcredit.NetSpider.PluginManager
		SccProjectUniqueName4 = Vcredit.NetSpider.ThirdParty\\Vcredit.NetSpider.ThirdParty.csproj
		SccProjectTopLevelParentUniqueName4 = NetSpider.sln
		SccProjectName4 = Vcredit.NetSpider.ThirdParty
		SccLocalPath4 = Vcredit.NetSpider.ThirdParty
		SccProjectUniqueName5 = Vcredit.NetSpider.DataAccess\\Vcredit.NetSpider.DataAccess.csproj
		SccProjectTopLevelParentUniqueName5 = NetSpider.sln
		SccProjectName5 = Vcredit.NetSpider.DataAccess
		SccLocalPath5 = Vcredit.NetSpider.DataAccess
		SccProjectUniqueName6 = Vcredit.NetSpider.Crawler\\Vcredit.NetSpider.Crawler.csproj
		SccProjectTopLevelParentUniqueName6 = NetSpider.sln
		SccProjectName6 = Vcredit.NetSpider.Crawler
		SccLocalPath6 = Vcredit.NetSpider.Crawler
		SccProjectUniqueName7 = Vcredit.NetSpider.Dao\\Vcredit.NetSpider.Dao.csproj
		SccProjectTopLevelParentUniqueName7 = NetSpider.sln
		SccProjectName7 = Vcredit.NetSpider.Dao
		SccLocalPath7 = Vcredit.NetSpider.Dao
		SccProjectUniqueName8 = Vcredit.NetSpider.Service\\Vcredit.NetSpider.Service.csproj
		SccProjectTopLevelParentUniqueName8 = NetSpider.sln
		SccProjectName8 = Vcredit.NetSpider.Service
		SccLocalPath8 = Vcredit.NetSpider.Service
		SccProjectUniqueName9 = Vcredit.NetSpider.Processor\\Vcredit.NetSpider.Processor.csproj
		SccProjectTopLevelParentUniqueName9 = NetSpider.sln
		SccProjectName9 = Vcredit.NetSpider.Processor
		SccLocalPath9 = Vcredit.NetSpider.Processor
		SccProjectUniqueName10 = Vcredit.NetSpider.RestService\\Vcredit.NetSpider.RestService.csproj
		SccProjectTopLevelParentUniqueName10 = NetSpider.sln
		SccProjectName10 = Vcredit.NetSpider.RestService
		SccLocalPath10 = Vcredit.NetSpider.RestService
		SccProjectUniqueName11 = Vcredit.WeiXin.RestService\\Vcredit.WeiXin.RestService.csproj
		SccProjectTopLevelParentUniqueName11 = NetSpider.sln
		SccProjectName11 = Vcredit.WeiXin.RestService
		SccLocalPath11 = Vcredit.WeiXin.RestService
		SccProjectUniqueName12 = Vcredit.NetSpider.Cache\\Vcredit.NetSpider.Cache.csproj
		SccProjectTopLevelParentUniqueName12 = NetSpider.sln
		SccProjectName12 = Vcredit.NetSpider.Cache
		SccLocalPath12 = Vcredit.NetSpider.Cache
		SccProjectUniqueName13 = TestConsoleApp\\TestConsoleApp.csproj
		SccProjectTopLevelParentUniqueName13 = NetSpider.sln
		SccProjectName13 = TestConsoleApp
		SccLocalPath13 = TestConsoleApp
		SccProjectUniqueName14 = Vcredit.NetSpider.Schedule\\Vcredit.NetSpider.Schedule.csproj
		SccProjectTopLevelParentUniqueName14 = NetSpider.sln
		SccProjectName14 = Vcredit.NetSpider.Schedule
		SccLocalPath14 = Vcredit.NetSpider.Schedule
		SccProjectUniqueName15 = Vcredit.NetSpider.Monitor\\Vcredit.NetSpider.Monitor.csproj
		SccProjectTopLevelParentUniqueName15 = NetSpider.sln
		SccProjectName15 = Vcredit.NetSpider.Monitor
		SccLocalPath15 = Vcredit.NetSpider.Monitor
	EndGlobalSection
	GlobalSection(SolutionConfigurationPlatforms) = preSolution
		Debug|Any CPU = Debug|Any CPU
		Release|Any CPU = Release|Any CPU
	EndGlobalSection
	GlobalSection(ProjectConfigurationPlatforms) = postSolution
		{5C5F34AB-3CAF-469B-A224-687C15A1AD7D}.Debug|Any CPU.ActiveCfg = Debug|Any CPU
		{5C5F34AB-3CAF-469B-A224-687C15A1AD7D}.Debug|Any CPU.Build.0 = Debug|Any CPU
		{5C5F34AB-3CAF-469B-A224-687C15A1AD7D}.Release|Any CPU.ActiveCfg = Release|Any CPU
		{5C5F34AB-3CAF-469B-A224-687C15A1AD7D}.Release|Any CPU.Build.0 = Release|Any CPU
		{B1FA16B8-71FE-4F45-9D19-2513007CAE8D}.Debug|Any CPU.ActiveCfg = Debug|Any CPU
		{B1FA16B8-71FE-4F45-9D19-2513007CAE8D}.Debug|Any CPU.Build.0 = Debug|Any CPU
		{B1FA16B8-71FE-4F45-9D19-2513007CAE8D}.Release|Any CPU.ActiveCfg = Release|Any CPU
		{B1FA16B8-71FE-4F45-9D19-2513007CAE8D}.Release|Any CPU.Build.0 = Release|Any CPU
		{F0D2BBE3-2AE9-45A5-A710-560BD7D1E807}.Debug|Any CPU.ActiveCfg = Debug|Any CPU
		{F0D2BBE3-2AE9-45A5-A710-560BD7D1E807}.Debug|Any CPU.Build.0 = Debug|Any CPU
		{F0D2BBE3-2AE9-45A5-A710-560BD7D1E807}.Release|Any CPU.ActiveCfg = Release|Any CPU
		{F0D2BBE3-2AE9-45A5-A710-560BD7D1E807}.Release|Any CPU.Build.0 = Release|Any CPU
		{945B9B03-4C8A-405A-942A-D3D33B2C0F61}.Debug|Any CPU.ActiveCfg = Debug|Any CPU
		{945B9B03-4C8A-405A-942A-D3D33B2C0F61}.Debug|Any CPU.Build.0 = Debug|Any CPU
		{945B9B03-4C8A-405A-942A-D3D33B2C0F61}.Release|Any CPU.ActiveCfg = Release|Any CPU
		{945B9B03-4C8A-405A-942A-D3D33B2C0F61}.Release|Any CPU.Build.0 = Release|Any CPU
		{390F2771-B29E-4D0B-822E-68005DE430A8}.Debug|Any CPU.ActiveCfg = Debug|Any CPU
		{390F2771-B29E-4D0B-822E-68005DE430A8}.Debug|Any CPU.Build.0 = Debug|Any CPU
		{390F2771-B29E-4D0B-822E-68005DE430A8}.Release|Any CPU.ActiveCfg = Release|Any CPU
		{390F2771-B29E-4D0B-822E-68005DE430A8}.Release|Any CPU.Build.0 = Release|Any CPU
		{7CE4C3DF-7974-4B6B-8728-1D3918CA0F3F}.Debug|Any CPU.ActiveCfg = Debug|Any CPU
		{7CE4C3DF-7974-4B6B-8728-1D3918CA0F3F}.Debug|Any CPU.Build.0 = Debug|Any CPU
		{7CE4C3DF-7974-4B6B-8728-1D3918CA0F3F}.Release|Any CPU.ActiveCfg = Release|Any CPU
		{7CE4C3DF-7974-4B6B-8728-1D3918CA0F3F}.Release|Any CPU.Build.0 = Release|Any CPU
		{7B7470A7-1DA0-4299-AD98-AF459885E4B9}.Debug|Any CPU.ActiveCfg = Debug|Any CPU
		{7B7470A7-1DA0-4299-AD98-AF459885E4B9}.Debug|Any CPU.Build.0 = Debug|Any CPU
		{7B7470A7-1DA0-4299-AD98-AF459885E4B9}.Release|Any CPU.ActiveCfg = Release|Any CPU
		{7B7470A7-1DA0-4299-AD98-AF459885E4B9}.Release|Any CPU.Build.0 = Release|Any CPU
		{5DC74ABE-016D-44E5-AA0D-C267196F783B}.Debug|Any CPU.ActiveCfg = Debug|Any CPU
		{5DC74ABE-016D-44E5-AA0D-C267196F783B}.Debug|Any CPU.Build.0 = Debug|Any CPU
		{5DC74ABE-016D-44E5-AA0D-C267196F783B}.Release|Any CPU.ActiveCfg = Release|Any CPU
		{5DC74ABE-016D-44E5-AA0D-C267196F783B}.Release|Any CPU.Build.0 = Release|Any CPU
		{678F8F20-5DD4-4F63-BDD4-4085238553CD}.Debug|Any CPU.ActiveCfg = Debug|Any CPU
		{678F8F20-5DD4-4F63-BDD4-4085238553CD}.Debug|Any CPU.Build.0 = Debug|Any CPU
		{678F8F20-5DD4-4F63-BDD4-4085238553CD}.Release|Any CPU.ActiveCfg = Release|Any CPU
		{678F8F20-5DD4-4F63-BDD4-4085238553CD}.Release|Any CPU.Build.0 = Release|Any CPU
		{F5406938-F22F-41A1-B6A8-229C4CB07CB7}.Debug|Any CPU.ActiveCfg = Debug|Any CPU
		{F5406938-F22F-41A1-B6A8-229C4CB07CB7}.Debug|Any CPU.Build.0 = Debug|Any CPU
		{F5406938-F22F-41A1-B6A8-229C4CB07CB7}.Release|Any CPU.ActiveCfg = Release|Any CPU
		{F5406938-F22F-41A1-B6A8-229C4CB07CB7}.Release|Any CPU.Build.0 = Release|Any CPU
		{90A347A6-2C5A-41FF-89FE-2F46D8ADB6DF}.Debug|Any CPU.ActiveCfg = Debug|Any CPU
		{90A347A6-2C5A-41FF-89FE-2F46D8ADB6DF}.Debug|Any CPU.Build.0 = Debug|Any CPU
		{90A347A6-2C5A-41FF-89FE-2F46D8ADB6DF}.Release|Any CPU.ActiveCfg = Release|Any CPU
		{90A347A6-2C5A-41FF-89FE-2F46D8ADB6DF}.Release|Any CPU.Build.0 = Release|Any CPU
		{40E01998-FF1D-46CC-9A2F-B476BA754EAF}.Debug|Any CPU.ActiveCfg = Debug|Any CPU
		{40E01998-FF1D-46CC-9A2F-B476BA754EAF}.Debug|Any CPU.Build.0 = Debug|Any CPU
		{40E01998-FF1D-46CC-9A2F-B476BA754EAF}.Release|Any CPU.ActiveCfg = Release|Any CPU
		{40E01998-FF1D-46CC-9A2F-B476BA754EAF}.Release|Any CPU.Build.0 = Release|Any CPU
		{93E40057-8FB5-4D09-B964-AEF15C497B3A}.Debug|Any CPU.ActiveCfg = Debug|Any CPU
		{93E40057-8FB5-4D09-B964-AEF15C497B3A}.Debug|Any CPU.Build.0 = Debug|Any CPU
		{93E40057-8FB5-4D09-B964-AEF15C497B3A}.Release|Any CPU.ActiveCfg = Release|Any CPU
		{93E40057-8FB5-4D09-B964-AEF15C497B3A}.Release|Any CPU.Build.0 = Release|Any CPU
		{3CAA7749-DA90-4A73-93B3-408FA051ADFB}.Debug|Any CPU.ActiveCfg = Debug|Any CPU
		{3CAA7749-DA90-4A73-93B3-408FA051ADFB}.Debug|Any CPU.Build.0 = Debug|Any CPU
		{3CAA7749-DA90-4A73-93B3-408FA051ADFB}.Release|Any CPU.ActiveCfg = Release|Any CPU
		{3CAA7749-DA90-4A73-93B3-408FA051ADFB}.Release|Any CPU.Build.0 = Release|Any CPU
		{DFEB14EF-D235-4A82-A42F-3392DD18BC6C}.Debug|Any CPU.ActiveCfg = Debug|Any CPU
		{DFEB14EF-D235-4A82-A42F-3392DD18BC6C}.Debug|Any CPU.Build.0 = Debug|Any CPU
		{DFEB14EF-D235-4A82-A42F-3392DD18BC6C}.Release|Any CPU.ActiveCfg = Release|Any CPU
		{DFEB14EF-D235-4A82-A42F-3392DD18BC6C}.Release|Any CPU.Build.0 = Release|Any CPU
	EndGlobalSection
	GlobalSection(SolutionProperties) = preSolution
		HideSolutionNode = FALSE
	EndGlobalSection
	GlobalSection(NestedProjects) = preSolution
		{F0D2BBE3-2AE9-45A5-A710-560BD7D1E807} = {752647D0-6E84-4847-B7B5-E2F663B9BF86}
		{5C5F34AB-3CAF-469B-A224-687C15A1AD7D} = {752647D0-6E84-4847-B7B5-E2F663B9BF86}
		{90A347A6-2C5A-41FF-89FE-2F46D8ADB6DF} = {752647D0-6E84-4847-B7B5-E2F663B9BF86}
		{93E40057-8FB5-4D09-B964-AEF15C497B3A} = {752647D0-6E84-4847-B7B5-E2F663B9BF86}
		{DFEB14EF-D235-4A82-A42F-3392DD18BC6C} = {752647D0-6E84-4847-B7B5-E2F663B9BF86}
		{AE5E8D2E-0BF2-4E94-B7DF-8B203FE686EB} = {6E209785-C20F-4718-8617-80EE4C06D582}
		{2009606C-02E8-4B3D-9554-0044A641A6D9} = {6E209785-C20F-4718-8617-80EE4C06D582}
		{945B9B03-4C8A-405A-942A-D3D33B2C0F61} = {AE5E8D2E-0BF2-4E94-B7DF-8B203FE686EB}
		{5DC74ABE-016D-44E5-AA0D-C267196F783B} = {AE5E8D2E-0BF2-4E94-B7DF-8B203FE686EB}
		{40E01998-FF1D-46CC-9A2F-B476BA754EAF} = {AE5E8D2E-0BF2-4E94-B7DF-8B203FE686EB}
		{390F2771-B29E-4D0B-822E-68005DE430A8} = {B2C82643-012D-4584-BD6C-C4FD58303464}
		{7CE4C3DF-7974-4B6B-8728-1D3918CA0F3F} = {B2C82643-012D-4584-BD6C-C4FD58303464}
		{678F8F20-5DD4-4F63-BDD4-4085238553CD} = {B2C82643-012D-4584-BD6C-C4FD58303464}
		{F5406938-F22F-41A1-B6A8-229C4CB07CB7} = {B2C82643-012D-4584-BD6C-C4FD58303464}
		{B1FA16B8-71FE-4F45-9D19-2513007CAE8D} = {2009606C-02E8-4B3D-9554-0044A641A6D9}
		{7B7470A7-1DA0-4299-AD98-AF459885E4B9} = {2009606C-02E8-4B3D-9554-0044A641A6D9}
		{3CAA7749-DA90-4A73-93B3-408FA051ADFB} = {2009606C-02E8-4B3D-9554-0044A641A6D9}
	EndGlobalSection
	GlobalSection(TeamFoundationVersionControl) = preSolution
		SccNumberOfProjects = 16
		SccEnterpriseProvider = {4CA58AB2-18FA-4F8D-95D4-32DDF27D184C}
		SccTeamFoundationServer = http://10.138.60.31:8080/tfs/spidercollection
		SccLocalPath0 = .
		SccProjectUniqueName1 = Vcredit.NetSpider.PluginManager\\Vcredit.NetSpider.PluginManager.csproj
		SccProjectTopLevelParentUniqueName1 = NetSpider.sln
		SccProjectName1 = Vcredit.NetSpider.PluginManager
		SccLocalPath1 = Vcredit.NetSpider.PluginManager
		SccProjectUniqueName2 = Vcredit.Common\\Vcredit.Common.csproj
		SccProjectTopLevelParentUniqueName2 = NetSpider.sln
		SccProjectName2 = Vcredit.Common
		SccLocalPath2 = Vcredit.Common
		SccProjectUniqueName3 = Vcredit.NetSpider.DataAccess\\Vcredit.NetSpider.DataAccess.csproj
		SccProjectTopLevelParentUniqueName3 = NetSpider.sln
		SccProjectName3 = Vcredit.NetSpider.DataAccess
		SccLocalPath3 = Vcredit.NetSpider.DataAccess
		SccProjectUniqueName4 = Vcredit.NetSpider.Entity\\Vcredit.NetSpider.Entity.csproj
		SccProjectTopLevelParentUniqueName4 = NetSpider.sln
		SccProjectName4 = Vcredit.NetSpider.Entity
		SccLocalPath4 = Vcredit.NetSpider.Entity
		SccProjectUniqueName5 = Vcredit.NetSpider.Crawler\\Vcredit.NetSpider.Crawler.csproj
		SccProjectTopLevelParentUniqueName5 = NetSpider.sln
		SccProjectName5 = Vcredit.NetSpider.Crawler
		SccLocalPath5 = Vcredit.NetSpider.Crawler
		SccProjectUniqueName6 = Vcredit.NetSpider.Dao\\Vcredit.NetSpider.Dao.csproj
		SccProjectTopLevelParentUniqueName6 = NetSpider.sln
		SccProjectName6 = Vcredit.NetSpider.Dao
		SccLocalPath6 = Vcredit.NetSpider.Dao
		SccProjectUniqueName7 = Vcredit.NetSpider.Service\\Vcredit.NetSpider.Service.csproj
		SccProjectTopLevelParentUniqueName7 = NetSpider.sln
		SccProjectName7 = Vcredit.NetSpider.Service
		SccLocalPath7 = Vcredit.NetSpider.Service
		SccProjectUniqueName8 = Vcredit.NetSpider.Processor\\Vcredit.NetSpider.Processor.csproj
		SccProjectTopLevelParentUniqueName8 = NetSpider.sln
		SccProjectName8 = Vcredit.NetSpider.Processor
		SccLocalPath8 = Vcredit.NetSpider.Processor
		SccProjectUniqueName9 = Vcredit.NetSpider.RestService\\Vcredit.NetSpider.RestService.csproj
		SccProjectTopLevelParentUniqueName9 = NetSpider.sln
		SccProjectName9 = Vcredit.NetSpider.RestService
		SccLocalPath9 = Vcredit.NetSpider.RestService
		SccProjectUniqueName10 = Vcredit.WeiXin.RestService\\Vcredit.WeiXin.RestService.csproj
		SccProjectTopLevelParentUniqueName10 = NetSpider.sln
		SccProjectName10 = Vcredit.WeiXin.RestService
		SccLocalPath10 = Vcredit.WeiXin.RestService
		SccProjectUniqueName11 = TestConsoleApp\\TestConsoleApp.csproj
		SccProjectTopLevelParentUniqueName11 = NetSpider.sln
		SccProjectName11 = TestConsoleApp
		SccLocalPath11 = TestConsoleApp
		SccProjectUniqueName12 = Vcredit.NetSpider.ThirdParty\\Vcredit.NetSpider.ThirdParty.csproj
		SccProjectTopLevelParentUniqueName12 = NetSpider.sln
		SccProjectName12 = Vcredit.NetSpider.ThirdParty
		SccLocalPath12 = Vcredit.NetSpider.ThirdParty
		SccProjectUniqueName13 = Vcredit.NetSpider.Schedule\\Vcredit.NetSpider.Schedule.csproj
		SccProjectTopLevelParentUniqueName13 = NetSpider.sln
		SccProjectName13 = Vcredit.NetSpider.Schedule
		SccLocalPath13 = Vcredit.NetSpider.Schedule
		SccProjectUniqueName14 = Vcredit.NetSpider.Cache\\Vcredit.NetSpider.Cache.csproj
		SccProjectTopLevelParentUniqueName14 = NetSpider.sln
		SccProjectName14 = Vcredit.NetSpider.Cache
		SccLocalPath14 = Vcredit.NetSpider.Cache
	EndGlobalSection
EndGlobal
