
Microsoft Visual Studio Solution File, Format Version 12.00
# Visual Studio 14
VisualStudioVersion = 14.0.25420.1
MinimumVisualStudioVersion = 10.0.40219.1
Project("{FAE04EC0-301F-11D3-BF4B-00C04F79EFBC}") = "Vcredit.ExternalCredit.BusinessLayer", "Business\Vcredit.ExternalCredit.BusinessLayer.csproj", "{AE5A193B-ECF5-4DF1-AE0A-B8033CD9E4E6}"
EndProject
Project("{FAE04EC0-301F-11D3-BF4B-00C04F79EFBC}") = "Vcredit.ExternalCredit.CommonLayer", "CommonLayer\Vcredit.ExternalCredit.CommonLayer.csproj", "{327BC53E-0EB0-4ABF-A2C0-1F914309E043}"
EndProject
Project("{FAE04EC0-301F-11D3-BF4B-00C04F79EFBC}") = "Vcredit.ExternalCredit.ModelLayer", "ModelLayer\Vcredit.ExternalCredit.ModelLayer.csproj", "{B6B3CE8B-B291-43F1-89CD-805F5F274A09}"
EndProject
Project("{FAE04EC0-301F-11D3-BF4B-00C04F79EFBC}") = "TestProgramLayer", "TestProgramLayer\TestProgramLayer.csproj", "{69737301-264A-4AA9-889F-FD39BC2D9C4D}"
EndProject
Project("{2150E333-8FDC-42A3-9474-1A3956D46DE8}") = "packages", "packages", "{4B4F2951-88E2-48CA-A52C-CA4721C7FF6D}"
EndProject
Project("{FAE04EC0-301F-11D3-BF4B-00C04F79EFBC}") = "Vcredit.ExternalCredit.Services", "Vcredit.ExtTrade.Services\Vcredit.ExternalCredit.Services.csproj", "{84076C9E-46A3-4615-8A7F-27B8B5D50437}"
EndProject
Project("{FAE04EC0-301F-11D3-BF4B-00C04F79EFBC}") = "UpLoadFileProgram", "UpLoadFileProgram\UpLoadFileProgram.csproj", "{2E77F309-E6B2-473C-AC39-B9BA1838421E}"
EndProject
Project("{FAE04EC0-301F-11D3-BF4B-00C04F79EFBC}") = "DownLoadProgram", "DownLoadProgram\DownLoadProgram.csproj", "{ACD531DB-6C46-4047-9DC8-5BBA763EDD93}"
EndProject
Project("{FAE04EC0-301F-11D3-BF4B-00C04F79EFBC}") = "ReadingProgram", "ReadingProgram\ReadingProgram.csproj", "{52830583-7EEC-4C48-B73C-42C33FF0CE9C}"
EndProject
Project("{FAE04EC0-301F-11D3-BF4B-00C04F79EFBC}") = "packages", "packages\packages.csproj", "{2744558E-230B-476F-8B2C-9CD97DC0FDD6}"
EndProject
Project("{FAE04EC0-301F-11D3-BF4B-00C04F79EFBC}") = "Vcredit.ExternalCredit.CrawlerLayer", "Vcredit.ExternalCredit.CrawlerLayer\Vcredit.ExternalCredit.CrawlerLayer.csproj", "{44EB356F-6C07-4894-981D-8DA2E954315A}"
EndProject
Project("{FAE04EC0-301F-11D3-BF4B-00C04F79EFBC}") = "Vcredit.ExternalCredit.Dto", "Vcredit.ExternalCredit.Dto\Vcredit.ExternalCredit.Dto.csproj", "{38829619-5954-4A9F-8675-9B3F632690B8}"
EndProject
Project("{FAE04EC0-301F-11D3-BF4B-00C04F79EFBC}") = "Vcredit.ExternalCredit.AssureApi", "Vcredit.ExternalCredit.AssureApi\Vcredit.ExternalCredit.AssureApi.csproj", "{9A2B4227-82DC-4F9D-8D8F-12FA8A043A8E}"
EndProject
Project("{2150E333-8FDC-42A3-9474-1A3956D46DE8}") = "Client", "Client", "{AB052847-7F47-4FD6-8AE9-EA33D46F4089}"
EndProject
Project("{2150E333-8FDC-42A3-9474-1A3956D46DE8}") = "Core", "Core", "{A1619503-6204-4455-846E-EDB27ADAEB6D}"
EndProject
Project("{2150E333-8FDC-42A3-9474-1A3956D46DE8}") = "Server", "Server", "{4B7C0E85-1412-468F-94CA-A451E4F8ACB5}"
EndProject
Project("{FAE04EC0-301F-11D3-BF4B-00C04F79EFBC}") = "Vcredit.ExternalCredit.Attributes", "Vcredit.ExternalCredit.Attributes\Vcredit.ExternalCredit.Attributes.csproj", "{8D6B1908-8F9C-40D8-99BF-6056C7A34390}"
EndProject
Project("{FAE04EC0-301F-11D3-BF4B-00C04F79EFBC}") = "Vcredit.ExternalCredit.Test", "Vcredit.ExternalCredit.Test\Vcredit.ExternalCredit.Test.csproj", "{681CCD7D-EFD0-47FF-B02D-C8ED1E2314E6}"
EndProject
Project("{FAE04EC0-301F-11D3-BF4B-00C04F79EFBC}") = "BatchSubmitProgram", "BatchSubmitProgram\BatchSubmitProgram.csproj", "{B4BC1A32-67A0-495B-8584-5EF328E5E166}"
EndProject
Project("{FAE04EC0-301F-11D3-BF4B-00C04F79EFBC}") = "QueryCreditResult", "QueryCreditResult\QueryCreditResult.csproj", "{7149A440-362D-4965-BCBA-002367665F5D}"
EndProject
Project("{FAE04EC0-301F-11D3-BF4B-00C04F79EFBC}") = "Vcredit.ExternalCredit.AssureAdmin", "Vcredit.ExternalCredit.AssureAdmin\Vcredit.ExternalCredit.AssureAdmin.csproj", "{E22DCE16-C677-48D0-B56B-161F137E8C42}"
EndProject
Project("{2150E333-8FDC-42A3-9474-1A3956D46DE8}") = "Assure", "Assure", "{904EB530-C4F7-4B75-9408-5F9BDC459025}"
EndProject
Project("{2150E333-8FDC-42A3-9474-1A3956D46DE8}") = "Web", "Web", "{B4B71B71-19F7-4612-A0B0-EA2878209E1E}"
EndProject
Project("{2150E333-8FDC-42A3-9474-1A3956D46DE8}") = "DaiHouProgram", "DaiHouProgram", "{F3780B24-AD22-46EC-B715-AD82D334457B}"
EndProject
Project("{2150E333-8FDC-42A3-9474-1A3956D46DE8}") = "External", "External", "{024C5CF0-2063-4A5B-B179-E548323D8A38}"
EndProject
Project("{FAE04EC0-301F-11D3-BF4B-00C04F79EFBC}") = "AssureMaintainBalanceTransferProgram", "AssureMaintainBalanceTransferProgram\AssureMaintainBalanceTransferProgram.csproj", "{0AEAAEA5-2C7D-4CBA-93DD-2A83E2B0A4B7}"
EndProject
Project("{FAE04EC0-301F-11D3-BF4B-00C04F79EFBC}") = "Vcredit.ExternalCredit.Services", "Vcredit.ExternalCredit.Services\Vcredit.ExternalCredit.Services.csproj", "{C987BDB1-B997-4F3A-9033-60A99D9B39D1}"
EndProject
Project("{FAE04EC0-301F-11D3-BF4B-00C04F79EFBC}") = "AssureAnalysisProgram", "AssureAnalysisProgram\AssureAnalysisProgram.csproj", "{0D2DE892-188E-43D8-8208-98F99F71DFC9}"
EndProject
Project("{FAE04EC0-301F-11D3-BF4B-00C04F79EFBC}") = "AssureCommitQueryProgram", "AssureCommitQueryProgram\AssureCommitQueryProgram.csproj", "{983197E7-6065-400A-BCD5-CBA8559162B3}"
EndProject
Project("{FAE04EC0-301F-11D3-BF4B-00C04F79EFBC}") = "AssureMaintainProgram", "AssureMaintainProgram\AssureMaintainProgram.csproj", "{E82F1C5D-A2DD-4C2C-954C-8F6B232DFFBC}"
EndProject
Project("{FAE04EC0-301F-11D3-BF4B-00C04F79EFBC}") = "AssureReportedProgram", "AssureReportedProgram\AssureReportedProgram.csproj", "{C58B37B8-6056-4764-863C-A4450E985589}"
EndProject
Project("{FAE04EC0-301F-11D3-BF4B-00C04F79EFBC}") = "AssureReportedAfterProgram", "AssureReportedAfterProgram\AssureReportedAfterProgram.csproj", "{69787884-0044-4BE8-B911-3E53734863E2}"
EndProject
Project("{FAE04EC0-301F-11D3-BF4B-00C04F79EFBC}") = "Vcredit.ExternalCredit.AssureWeb", "Vcredit.ExternalCredit.AssureWeb\Vcredit.ExternalCredit.AssureWeb.csproj", "{0B7EF287-D69C-4EE6-B18D-9485BC721946}"
EndProject
Project("{FAE04EC0-301F-11D3-BF4B-00C04F79EFBC}") = "AssureConnectionFailedMarkFailProgram", "AssureConnectionFailedMarkFailProgram\AssureConnectionFailedMarkFailProgram.csproj", "{A8EE51D9-6A7A-4F63-9E3B-D4C3DCD66E62}"
EndProject
Project("{2150E333-8FDC-42A3-9474-1A3956D46DE8}") = "AssureProgram", "AssureProgram", "{43F08D51-26F3-4FEA-A11D-3B3332C8AB81}"
EndProject
Project("{FAE04EC0-301F-11D3-BF4B-00C04F79EFBC}") = "UpLoadingMarkDefaultProgram", "UpLoadingMarkDefaultProgram\UpLoadingMarkDefaultProgram.csproj", "{5A5D39B9-1150-4D66-BFA0-62174CC07387}"
EndProject
Project("{2150E333-8FDC-42A3-9474-1A3956D46DE8}") = "ShangHaiCredit", "ShangHaiCredit", "{CDFF0564-0C66-4F0A-9DAE-9C406A3ABA33}"
EndProject
Project("{FAE04EC0-301F-11D3-BF4B-00C04F79EFBC}") = "GetAuthFIles", "GetAuthFIles\GetAuthFIles.csproj", "{E33910CF-1F20-4EDE-8A23-30980564E785}"
EndProject
Project("{FAE04EC0-301F-11D3-BF4B-00C04F79EFBC}") = "QueryCredit", "QueryCredit\QueryCredit.csproj", "{E8EE6224-1339-4919-868D-674EDBE75A9E}"
EndProject
Project("{FAE04EC0-301F-11D3-BF4B-00C04F79EFBC}") = "QueryCreditByCert_NO", "QueryCreditByCert_NO\QueryCreditByCert_NO.csproj", "{87F1AE48-701F-4E0A-A9DF-B67573A4F298}"
EndProject
Project("{FAE04EC0-301F-11D3-BF4B-00C04F79EFBC}") = "AssureVerifyErrorData", "AssureVerifyErrorData\AssureVerifyErrorData.csproj", "{4306F516-3642-4F02-A2D6-2A4981980B26}"
EndProject
Project("{FAE04EC0-301F-11D3-BF4B-00C04F79EFBC}") = "AssureDeleteProgram", "AssureDeleteProgram\AssureDeleteProgram.csproj", "{E7AE6C1D-BA93-453C-824D-D6BD8CEEC2CD}"
EndProject
Global
	GlobalSection(SolutionConfigurationPlatforms) = preSolution
		Debug|Any CPU = Debug|Any CPU
		Release|Any CPU = Release|Any CPU
	EndGlobalSection
	GlobalSection(ProjectConfigurationPlatforms) = postSolution
		{AE5A193B-ECF5-4DF1-AE0A-B8033CD9E4E6}.Debug|Any CPU.ActiveCfg = Debug|Any CPU
		{AE5A193B-ECF5-4DF1-AE0A-B8033CD9E4E6}.Debug|Any CPU.Build.0 = Debug|Any CPU
		{AE5A193B-ECF5-4DF1-AE0A-B8033CD9E4E6}.Release|Any CPU.ActiveCfg = Release|Any CPU
		{AE5A193B-ECF5-4DF1-AE0A-B8033CD9E4E6}.Release|Any CPU.Build.0 = Release|Any CPU
		{327BC53E-0EB0-4ABF-A2C0-1F914309E043}.Debug|Any CPU.ActiveCfg = Debug|Any CPU
		{327BC53E-0EB0-4ABF-A2C0-1F914309E043}.Debug|Any CPU.Build.0 = Debug|Any CPU
		{327BC53E-0EB0-4ABF-A2C0-1F914309E043}.Release|Any CPU.ActiveCfg = Release|Any CPU
		{327BC53E-0EB0-4ABF-A2C0-1F914309E043}.Release|Any CPU.Build.0 = Release|Any CPU
		{B6B3CE8B-B291-43F1-89CD-805F5F274A09}.Debug|Any CPU.ActiveCfg = Debug|Any CPU
		{B6B3CE8B-B291-43F1-89CD-805F5F274A09}.Debug|Any CPU.Build.0 = Debug|Any CPU
		{B6B3CE8B-B291-43F1-89CD-805F5F274A09}.Release|Any CPU.ActiveCfg = Release|Any CPU
		{B6B3CE8B-B291-43F1-89CD-805F5F274A09}.Release|Any CPU.Build.0 = Release|Any CPU
		{69737301-264A-4AA9-889F-FD39BC2D9C4D}.Debug|Any CPU.ActiveCfg = Debug|Any CPU
		{69737301-264A-4AA9-889F-FD39BC2D9C4D}.Debug|Any CPU.Build.0 = Debug|Any CPU
		{69737301-264A-4AA9-889F-FD39BC2D9C4D}.Release|Any CPU.ActiveCfg = Release|Any CPU
		{69737301-264A-4AA9-889F-FD39BC2D9C4D}.Release|Any CPU.Build.0 = Release|Any CPU
		{84076C9E-46A3-4615-8A7F-27B8B5D50437}.Debug|Any CPU.ActiveCfg = Debug|Any CPU
		{84076C9E-46A3-4615-8A7F-27B8B5D50437}.Debug|Any CPU.Build.0 = Debug|Any CPU
		{84076C9E-46A3-4615-8A7F-27B8B5D50437}.Release|Any CPU.ActiveCfg = Release|Any CPU
		{84076C9E-46A3-4615-8A7F-27B8B5D50437}.Release|Any CPU.Build.0 = Release|Any CPU
		{2E77F309-E6B2-473C-AC39-B9BA1838421E}.Debug|Any CPU.ActiveCfg = Debug|Any CPU
		{2E77F309-E6B2-473C-AC39-B9BA1838421E}.Debug|Any CPU.Build.0 = Debug|Any CPU
		{2E77F309-E6B2-473C-AC39-B9BA1838421E}.Release|Any CPU.ActiveCfg = Release|Any CPU
		{2E77F309-E6B2-473C-AC39-B9BA1838421E}.Release|Any CPU.Build.0 = Release|Any CPU
		{ACD531DB-6C46-4047-9DC8-5BBA763EDD93}.Debug|Any CPU.ActiveCfg = Debug|Any CPU
		{ACD531DB-6C46-4047-9DC8-5BBA763EDD93}.Debug|Any CPU.Build.0 = Debug|Any CPU
		{ACD531DB-6C46-4047-9DC8-5BBA763EDD93}.Release|Any CPU.ActiveCfg = Release|Any CPU
		{ACD531DB-6C46-4047-9DC8-5BBA763EDD93}.Release|Any CPU.Build.0 = Release|Any CPU
		{52830583-7EEC-4C48-B73C-42C33FF0CE9C}.Debug|Any CPU.ActiveCfg = Debug|Any CPU
		{52830583-7EEC-4C48-B73C-42C33FF0CE9C}.Debug|Any CPU.Build.0 = Debug|Any CPU
		{52830583-7EEC-4C48-B73C-42C33FF0CE9C}.Release|Any CPU.ActiveCfg = Release|Any CPU
		{52830583-7EEC-4C48-B73C-42C33FF0CE9C}.Release|Any CPU.Build.0 = Release|Any CPU
		{2744558E-230B-476F-8B2C-9CD97DC0FDD6}.Debug|Any CPU.ActiveCfg = Debug|Any CPU
		{2744558E-230B-476F-8B2C-9CD97DC0FDD6}.Debug|Any CPU.Build.0 = Debug|Any CPU
		{2744558E-230B-476F-8B2C-9CD97DC0FDD6}.Release|Any CPU.ActiveCfg = Release|Any CPU
		{2744558E-230B-476F-8B2C-9CD97DC0FDD6}.Release|Any CPU.Build.0 = Release|Any CPU
		{44EB356F-6C07-4894-981D-8DA2E954315A}.Debug|Any CPU.ActiveCfg = Debug|Any CPU
		{44EB356F-6C07-4894-981D-8DA2E954315A}.Debug|Any CPU.Build.0 = Debug|Any CPU
		{44EB356F-6C07-4894-981D-8DA2E954315A}.Release|Any CPU.ActiveCfg = Release|Any CPU
		{44EB356F-6C07-4894-981D-8DA2E954315A}.Release|Any CPU.Build.0 = Release|Any CPU
		{38829619-5954-4A9F-8675-9B3F632690B8}.Debug|Any CPU.ActiveCfg = Debug|Any CPU
		{38829619-5954-4A9F-8675-9B3F632690B8}.Debug|Any CPU.Build.0 = Debug|Any CPU
		{38829619-5954-4A9F-8675-9B3F632690B8}.Release|Any CPU.ActiveCfg = Release|Any CPU
		{38829619-5954-4A9F-8675-9B3F632690B8}.Release|Any CPU.Build.0 = Release|Any CPU
		{9A2B4227-82DC-4F9D-8D8F-12FA8A043A8E}.Debug|Any CPU.ActiveCfg = Debug|Any CPU
		{9A2B4227-82DC-4F9D-8D8F-12FA8A043A8E}.Debug|Any CPU.Build.0 = Debug|Any CPU
		{9A2B4227-82DC-4F9D-8D8F-12FA8A043A8E}.Release|Any CPU.ActiveCfg = Release|Any CPU
		{9A2B4227-82DC-4F9D-8D8F-12FA8A043A8E}.Release|Any CPU.Build.0 = Release|Any CPU
		{8D6B1908-8F9C-40D8-99BF-6056C7A34390}.Debug|Any CPU.ActiveCfg = Debug|Any CPU
		{8D6B1908-8F9C-40D8-99BF-6056C7A34390}.Debug|Any CPU.Build.0 = Debug|Any CPU
		{8D6B1908-8F9C-40D8-99BF-6056C7A34390}.Release|Any CPU.ActiveCfg = Release|Any CPU
		{8D6B1908-8F9C-40D8-99BF-6056C7A34390}.Release|Any CPU.Build.0 = Release|Any CPU
		{681CCD7D-EFD0-47FF-B02D-C8ED1E2314E6}.Debug|Any CPU.ActiveCfg = Debug|Any CPU
		{681CCD7D-EFD0-47FF-B02D-C8ED1E2314E6}.Debug|Any CPU.Build.0 = Debug|Any CPU
		{681CCD7D-EFD0-47FF-B02D-C8ED1E2314E6}.Release|Any CPU.ActiveCfg = Release|Any CPU
		{681CCD7D-EFD0-47FF-B02D-C8ED1E2314E6}.Release|Any CPU.Build.0 = Release|Any CPU
		{B4BC1A32-67A0-495B-8584-5EF328E5E166}.Debug|Any CPU.ActiveCfg = Debug|Any CPU
		{B4BC1A32-67A0-495B-8584-5EF328E5E166}.Debug|Any CPU.Build.0 = Debug|Any CPU
		{B4BC1A32-67A0-495B-8584-5EF328E5E166}.Release|Any CPU.ActiveCfg = Release|Any CPU
		{B4BC1A32-67A0-495B-8584-5EF328E5E166}.Release|Any CPU.Build.0 = Release|Any CPU
		{7149A440-362D-4965-BCBA-002367665F5D}.Debug|Any CPU.ActiveCfg = Debug|Any CPU
		{7149A440-362D-4965-BCBA-002367665F5D}.Debug|Any CPU.Build.0 = Debug|Any CPU
		{7149A440-362D-4965-BCBA-002367665F5D}.Release|Any CPU.ActiveCfg = Release|Any CPU
		{7149A440-362D-4965-BCBA-002367665F5D}.Release|Any CPU.Build.0 = Release|Any CPU
		{E22DCE16-C677-48D0-B56B-161F137E8C42}.Debug|Any CPU.ActiveCfg = Debug|Any CPU
		{E22DCE16-C677-48D0-B56B-161F137E8C42}.Debug|Any CPU.Build.0 = Debug|Any CPU
		{E22DCE16-C677-48D0-B56B-161F137E8C42}.Release|Any CPU.ActiveCfg = Release|Any CPU
		{E22DCE16-C677-48D0-B56B-161F137E8C42}.Release|Any CPU.Build.0 = Release|Any CPU
		{0AEAAEA5-2C7D-4CBA-93DD-2A83E2B0A4B7}.Debug|Any CPU.ActiveCfg = Debug|Any CPU
		{0AEAAEA5-2C7D-4CBA-93DD-2A83E2B0A4B7}.Debug|Any CPU.Build.0 = Debug|Any CPU
		{0AEAAEA5-2C7D-4CBA-93DD-2A83E2B0A4B7}.Release|Any CPU.ActiveCfg = Release|Any CPU
		{0AEAAEA5-2C7D-4CBA-93DD-2A83E2B0A4B7}.Release|Any CPU.Build.0 = Release|Any CPU
		{C987BDB1-B997-4F3A-9033-60A99D9B39D1}.Debug|Any CPU.ActiveCfg = Debug|Any CPU
		{C987BDB1-B997-4F3A-9033-60A99D9B39D1}.Debug|Any CPU.Build.0 = Debug|Any CPU
		{C987BDB1-B997-4F3A-9033-60A99D9B39D1}.Release|Any CPU.ActiveCfg = Release|Any CPU
		{C987BDB1-B997-4F3A-9033-60A99D9B39D1}.Release|Any CPU.Build.0 = Release|Any CPU
		{0D2DE892-188E-43D8-8208-98F99F71DFC9}.Debug|Any CPU.ActiveCfg = Debug|Any CPU
		{0D2DE892-188E-43D8-8208-98F99F71DFC9}.Debug|Any CPU.Build.0 = Debug|Any CPU
		{0D2DE892-188E-43D8-8208-98F99F71DFC9}.Release|Any CPU.ActiveCfg = Release|Any CPU
		{0D2DE892-188E-43D8-8208-98F99F71DFC9}.Release|Any CPU.Build.0 = Release|Any CPU
		{983197E7-6065-400A-BCD5-CBA8559162B3}.Debug|Any CPU.ActiveCfg = Debug|Any CPU
		{983197E7-6065-400A-BCD5-CBA8559162B3}.Debug|Any CPU.Build.0 = Debug|Any CPU
		{983197E7-6065-400A-BCD5-CBA8559162B3}.Release|Any CPU.ActiveCfg = Release|Any CPU
		{983197E7-6065-400A-BCD5-CBA8559162B3}.Release|Any CPU.Build.0 = Release|Any CPU
		{E82F1C5D-A2DD-4C2C-954C-8F6B232DFFBC}.Debug|Any CPU.ActiveCfg = Debug|Any CPU
		{E82F1C5D-A2DD-4C2C-954C-8F6B232DFFBC}.Debug|Any CPU.Build.0 = Debug|Any CPU
		{E82F1C5D-A2DD-4C2C-954C-8F6B232DFFBC}.Release|Any CPU.ActiveCfg = Release|Any CPU
		{E82F1C5D-A2DD-4C2C-954C-8F6B232DFFBC}.Release|Any CPU.Build.0 = Release|Any CPU
		{C58B37B8-6056-4764-863C-A4450E985589}.Debug|Any CPU.ActiveCfg = Debug|Any CPU
		{C58B37B8-6056-4764-863C-A4450E985589}.Debug|Any CPU.Build.0 = Debug|Any CPU
		{C58B37B8-6056-4764-863C-A4450E985589}.Release|Any CPU.ActiveCfg = Release|Any CPU
		{C58B37B8-6056-4764-863C-A4450E985589}.Release|Any CPU.Build.0 = Release|Any CPU
		{69787884-0044-4BE8-B911-3E53734863E2}.Debug|Any CPU.ActiveCfg = Debug|Any CPU
		{69787884-0044-4BE8-B911-3E53734863E2}.Debug|Any CPU.Build.0 = Debug|Any CPU
		{69787884-0044-4BE8-B911-3E53734863E2}.Release|Any CPU.ActiveCfg = Release|Any CPU
		{69787884-0044-4BE8-B911-3E53734863E2}.Release|Any CPU.Build.0 = Release|Any CPU
		{0B7EF287-D69C-4EE6-B18D-9485BC721946}.Debug|Any CPU.ActiveCfg = Debug|Any CPU
		{0B7EF287-D69C-4EE6-B18D-9485BC721946}.Debug|Any CPU.Build.0 = Debug|Any CPU
		{0B7EF287-D69C-4EE6-B18D-9485BC721946}.Release|Any CPU.ActiveCfg = Release|Any CPU
		{0B7EF287-D69C-4EE6-B18D-9485BC721946}.Release|Any CPU.Build.0 = Release|Any CPU
		{A8EE51D9-6A7A-4F63-9E3B-D4C3DCD66E62}.Debug|Any CPU.ActiveCfg = Debug|Any CPU
		{A8EE51D9-6A7A-4F63-9E3B-D4C3DCD66E62}.Debug|Any CPU.Build.0 = Debug|Any CPU
		{A8EE51D9-6A7A-4F63-9E3B-D4C3DCD66E62}.Release|Any CPU.ActiveCfg = Release|Any CPU
		{A8EE51D9-6A7A-4F63-9E3B-D4C3DCD66E62}.Release|Any CPU.Build.0 = Release|Any CPU
		{5A5D39B9-1150-4D66-BFA0-62174CC07387}.Debug|Any CPU.ActiveCfg = Debug|Any CPU
		{5A5D39B9-1150-4D66-BFA0-62174CC07387}.Debug|Any CPU.Build.0 = Debug|Any CPU
		{5A5D39B9-1150-4D66-BFA0-62174CC07387}.Release|Any CPU.ActiveCfg = Release|Any CPU
		{5A5D39B9-1150-4D66-BFA0-62174CC07387}.Release|Any CPU.Build.0 = Release|Any CPU
		{E33910CF-1F20-4EDE-8A23-30980564E785}.Debug|Any CPU.ActiveCfg = Debug|Any CPU
		{E33910CF-1F20-4EDE-8A23-30980564E785}.Debug|Any CPU.Build.0 = Debug|Any CPU
		{E33910CF-1F20-4EDE-8A23-30980564E785}.Release|Any CPU.ActiveCfg = Release|Any CPU
		{E33910CF-1F20-4EDE-8A23-30980564E785}.Release|Any CPU.Build.0 = Release|Any CPU
		{E8EE6224-1339-4919-868D-674EDBE75A9E}.Debug|Any CPU.ActiveCfg = Debug|Any CPU
		{E8EE6224-1339-4919-868D-674EDBE75A9E}.Debug|Any CPU.Build.0 = Debug|Any CPU
		{E8EE6224-1339-4919-868D-674EDBE75A9E}.Release|Any CPU.ActiveCfg = Release|Any CPU
		{E8EE6224-1339-4919-868D-674EDBE75A9E}.Release|Any CPU.Build.0 = Release|Any CPU
		{87F1AE48-701F-4E0A-A9DF-B67573A4F298}.Debug|Any CPU.ActiveCfg = Debug|Any CPU
		{87F1AE48-701F-4E0A-A9DF-B67573A4F298}.Debug|Any CPU.Build.0 = Debug|Any CPU
		{87F1AE48-701F-4E0A-A9DF-B67573A4F298}.Release|Any CPU.ActiveCfg = Release|Any CPU
		{87F1AE48-701F-4E0A-A9DF-B67573A4F298}.Release|Any CPU.Build.0 = Release|Any CPU
		{4306F516-3642-4F02-A2D6-2A4981980B26}.Debug|Any CPU.ActiveCfg = Debug|Any CPU
		{4306F516-3642-4F02-A2D6-2A4981980B26}.Debug|Any CPU.Build.0 = Debug|Any CPU
		{4306F516-3642-4F02-A2D6-2A4981980B26}.Release|Any CPU.ActiveCfg = Release|Any CPU
		{4306F516-3642-4F02-A2D6-2A4981980B26}.Release|Any CPU.Build.0 = Release|Any CPU
		{E7AE6C1D-BA93-453C-824D-D6BD8CEEC2CD}.Debug|Any CPU.ActiveCfg = Debug|Any CPU
		{E7AE6C1D-BA93-453C-824D-D6BD8CEEC2CD}.Debug|Any CPU.Build.0 = Debug|Any CPU
		{E7AE6C1D-BA93-453C-824D-D6BD8CEEC2CD}.Release|Any CPU.ActiveCfg = Release|Any CPU
		{E7AE6C1D-BA93-453C-824D-D6BD8CEEC2CD}.Release|Any CPU.Build.0 = Release|Any CPU
	EndGlobalSection
	GlobalSection(SolutionProperties) = preSolution
		HideSolutionNode = FALSE
	EndGlobalSection
	GlobalSection(NestedProjects) = preSolution
		{AE5A193B-ECF5-4DF1-AE0A-B8033CD9E4E6} = {4B7C0E85-1412-468F-94CA-A451E4F8ACB5}
		{327BC53E-0EB0-4ABF-A2C0-1F914309E043} = {A1619503-6204-4455-846E-EDB27ADAEB6D}
		{B6B3CE8B-B291-43F1-89CD-805F5F274A09} = {4B7C0E85-1412-468F-94CA-A451E4F8ACB5}
		{69737301-264A-4AA9-889F-FD39BC2D9C4D} = {024C5CF0-2063-4A5B-B179-E548323D8A38}
		{84076C9E-46A3-4615-8A7F-27B8B5D50437} = {024C5CF0-2063-4A5B-B179-E548323D8A38}
		{2E77F309-E6B2-473C-AC39-B9BA1838421E} = {024C5CF0-2063-4A5B-B179-E548323D8A38}
		{ACD531DB-6C46-4047-9DC8-5BBA763EDD93} = {024C5CF0-2063-4A5B-B179-E548323D8A38}
		{52830583-7EEC-4C48-B73C-42C33FF0CE9C} = {024C5CF0-2063-4A5B-B179-E548323D8A38}
		{2744558E-230B-476F-8B2C-9CD97DC0FDD6} = {4B4F2951-88E2-48CA-A52C-CA4721C7FF6D}
		{44EB356F-6C07-4894-981D-8DA2E954315A} = {4B7C0E85-1412-468F-94CA-A451E4F8ACB5}
		{38829619-5954-4A9F-8675-9B3F632690B8} = {A1619503-6204-4455-846E-EDB27ADAEB6D}
		{9A2B4227-82DC-4F9D-8D8F-12FA8A043A8E} = {B4B71B71-19F7-4612-A0B0-EA2878209E1E}
		{8D6B1908-8F9C-40D8-99BF-6056C7A34390} = {A1619503-6204-4455-846E-EDB27ADAEB6D}
		{681CCD7D-EFD0-47FF-B02D-C8ED1E2314E6} = {AB052847-7F47-4FD6-8AE9-EA33D46F4089}
		{B4BC1A32-67A0-495B-8584-5EF328E5E166} = {024C5CF0-2063-4A5B-B179-E548323D8A38}
		{7149A440-362D-4965-BCBA-002367665F5D} = {024C5CF0-2063-4A5B-B179-E548323D8A38}
		{E22DCE16-C677-48D0-B56B-161F137E8C42} = {B4B71B71-19F7-4612-A0B0-EA2878209E1E}
		{904EB530-C4F7-4B75-9408-5F9BDC459025} = {AB052847-7F47-4FD6-8AE9-EA33D46F4089}
		{B4B71B71-19F7-4612-A0B0-EA2878209E1E} = {904EB530-C4F7-4B75-9408-5F9BDC459025}
		{F3780B24-AD22-46EC-B715-AD82D334457B} = {904EB530-C4F7-4B75-9408-5F9BDC459025}
		{024C5CF0-2063-4A5B-B179-E548323D8A38} = {AB052847-7F47-4FD6-8AE9-EA33D46F4089}
		{0AEAAEA5-2C7D-4CBA-93DD-2A83E2B0A4B7} = {F3780B24-AD22-46EC-B715-AD82D334457B}
		{C987BDB1-B997-4F3A-9033-60A99D9B39D1} = {4B7C0E85-1412-468F-94CA-A451E4F8ACB5}
		{0D2DE892-188E-43D8-8208-98F99F71DFC9} = {43F08D51-26F3-4FEA-A11D-3B3332C8AB81}
		{983197E7-6065-400A-BCD5-CBA8559162B3} = {43F08D51-26F3-4FEA-A11D-3B3332C8AB81}
		{E82F1C5D-A2DD-4C2C-954C-8F6B232DFFBC} = {F3780B24-AD22-46EC-B715-AD82D334457B}
		{C58B37B8-6056-4764-863C-A4450E985589} = {F3780B24-AD22-46EC-B715-AD82D334457B}
		{69787884-0044-4BE8-B911-3E53734863E2} = {F3780B24-AD22-46EC-B715-AD82D334457B}
		{0B7EF287-D69C-4EE6-B18D-9485BC721946} = {B4B71B71-19F7-4612-A0B0-EA2878209E1E}
		{A8EE51D9-6A7A-4F63-9E3B-D4C3DCD66E62} = {43F08D51-26F3-4FEA-A11D-3B3332C8AB81}
		{43F08D51-26F3-4FEA-A11D-3B3332C8AB81} = {904EB530-C4F7-4B75-9408-5F9BDC459025}
		{5A5D39B9-1150-4D66-BFA0-62174CC07387} = {F3780B24-AD22-46EC-B715-AD82D334457B}
		{CDFF0564-0C66-4F0A-9DAE-9C406A3ABA33} = {AB052847-7F47-4FD6-8AE9-EA33D46F4089}
		{E33910CF-1F20-4EDE-8A23-30980564E785} = {CDFF0564-0C66-4F0A-9DAE-9C406A3ABA33}
		{E8EE6224-1339-4919-868D-674EDBE75A9E} = {CDFF0564-0C66-4F0A-9DAE-9C406A3ABA33}
		{87F1AE48-701F-4E0A-A9DF-B67573A4F298} = {024C5CF0-2063-4A5B-B179-E548323D8A38}
		{4306F516-3642-4F02-A2D6-2A4981980B26} = {F3780B24-AD22-46EC-B715-AD82D334457B}
		{E7AE6C1D-BA93-453C-824D-D6BD8CEEC2CD} = {F3780B24-AD22-46EC-B715-AD82D334457B}
	EndGlobalSection
	GlobalSection(TeamFoundationVersionControl) = preSolution
		SccNumberOfProjects = 33
		SccEnterpriseProvider = {4CA58AB2-18FA-4F8D-95D4-32DDF27D184C}
		SccTeamFoundationServer = http://10.138.60.31:8080/tfs/spidercollection
		SccLocalPath0 = .
		SccProjectUniqueName1 = Business\\Vcredit.ExternalCredit.BusinessLayer.csproj
		SccProjectTopLevelParentUniqueName1 = ExternalCredit.sln
		SccProjectName1 = Business
		SccLocalPath1 = Business
		SccProjectUniqueName2 = DownLoadProgram\\DownLoadProgram.csproj
		SccProjectTopLevelParentUniqueName2 = ExternalCredit.sln
		SccProjectName2 = DownLoadProgram
		SccLocalPath2 = DownLoadProgram
		SccProjectUniqueName3 = ModelLayer\\Vcredit.ExternalCredit.ModelLayer.csproj
		SccProjectTopLevelParentUniqueName3 = ExternalCredit.sln
		SccProjectName3 = ModelLayer
		SccLocalPath3 = ModelLayer
		SccProjectUniqueName4 = packages\\packages.csproj
		SccProjectTopLevelParentUniqueName4 = ExternalCredit.sln
		SccProjectName4 = packages
		SccLocalPath4 = packages
		SccProjectUniqueName5 = ReadingProgram\\ReadingProgram.csproj
		SccProjectTopLevelParentUniqueName5 = ExternalCredit.sln
		SccProjectName5 = ReadingProgram
		SccLocalPath5 = ReadingProgram
		SccProjectUniqueName6 = TestProgramLayer\\TestProgramLayer.csproj
		SccProjectTopLevelParentUniqueName6 = ExternalCredit.sln
		SccProjectName6 = TestProgramLayer
		SccLocalPath6 = TestProgramLayer
		SccProjectUniqueName7 = UpLoadFileProgram\\UpLoadFileProgram.csproj
		SccProjectTopLevelParentUniqueName7 = ExternalCredit.sln
		SccProjectName7 = UpLoadFileProgram
		SccLocalPath7 = UpLoadFileProgram
		SccProjectUniqueName8 = Vcredit.ExtTrade.Services\\Vcredit.ExternalCredit.Services.csproj
		SccProjectTopLevelParentUniqueName8 = ExternalCredit.sln
		SccProjectName8 = Vcredit.ExtTrade.Services
		SccLocalPath8 = Vcredit.ExtTrade.Services
		SccProjectUniqueName9 = Vcredit.ExternalCredit.CrawlerLayer\\Vcredit.ExternalCredit.CrawlerLayer.csproj
		SccProjectTopLevelParentUniqueName9 = ExternalCredit.sln
		SccProjectName9 = Vcredit.ExternalCredit.CrawlerLayer
		SccLocalPath9 = Vcredit.ExternalCredit.CrawlerLayer
		SccProjectUniqueName10 = CommonLayer\\Vcredit.ExternalCredit.CommonLayer.csproj
		SccProjectTopLevelParentUniqueName10 = ExternalCredit.sln
		SccProjectName10 = CommonLayer
		SccLocalPath10 = CommonLayer
		SccProjectUniqueName11 = Vcredit.ExternalCredit.Dto\\Vcredit.ExternalCredit.Dto.csproj
		SccProjectTopLevelParentUniqueName11 = ExternalCredit.sln
		SccProjectName11 = Vcredit.ExternalCredit.Dto
		SccLocalPath11 = Vcredit.ExternalCredit.Dto
		SccProjectUniqueName12 = Vcredit.ExternalCredit.AssureApi\\Vcredit.ExternalCredit.AssureApi.csproj
		SccProjectTopLevelParentUniqueName12 = ExternalCredit.sln
		SccProjectName12 = Vcredit.ExternalCredit.AssureApi
		SccLocalPath12 = Vcredit.ExternalCredit.AssureApi
		SccProjectUniqueName13 = Vcredit.ExternalCredit.Attributes\\Vcredit.ExternalCredit.Attributes.csproj
		SccProjectTopLevelParentUniqueName13 = ExternalCredit.sln
		SccProjectName13 = Vcredit.ExternalCredit.Attributes
		SccLocalPath13 = Vcredit.ExternalCredit.Attributes
		SccProjectUniqueName14 = Vcredit.ExternalCredit.Test\\Vcredit.ExternalCredit.Test.csproj
		SccProjectTopLevelParentUniqueName14 = ExternalCredit.sln
		SccProjectName14 = Vcredit.ExternalCredit.Test
		SccLocalPath14 = Vcredit.ExternalCredit.Test
		SccProjectUniqueName15 = BatchSubmitProgram\\BatchSubmitProgram.csproj
		SccProjectTopLevelParentUniqueName15 = ExternalCredit.sln
		SccProjectName15 = BatchSubmitProgram
		SccLocalPath15 = BatchSubmitProgram
		SccProjectUniqueName16 = QueryCreditResult\\QueryCreditResult.csproj
		SccProjectTopLevelParentUniqueName16 = ExternalCredit.sln
		SccProjectName16 = QueryCreditResult
		SccLocalPath16 = QueryCreditResult
		SccProjectUniqueName17 = Vcredit.ExternalCredit.AssureAdmin\\Vcredit.ExternalCredit.AssureAdmin.csproj
		SccProjectTopLevelParentUniqueName17 = ExternalCredit.sln
		SccProjectName17 = Vcredit.ExternalCredit.AssureAdmin
		SccLocalPath17 = Vcredit.ExternalCredit.AssureAdmin
		SccProjectUniqueName18 = AssureMaintainBalanceTransferProgram\\AssureMaintainBalanceTransferProgram.csproj
		SccProjectTopLevelParentUniqueName18 = ExternalCredit.sln
		SccProjectName18 = AssureMaintainBalanceTransferProgram
		SccLocalPath18 = AssureMaintainBalanceTransferProgram
		SccProjectUniqueName19 = Vcredit.ExternalCredit.Services\\Vcredit.ExternalCredit.Services.csproj
		SccProjectTopLevelParentUniqueName19 = ExternalCredit.sln
		SccProjectName19 = Vcredit.ExternalCredit.Services
		SccLocalPath19 = Vcredit.ExternalCredit.Services
		SccProjectUniqueName20 = AssureAnalysisProgram\\AssureAnalysisProgram.csproj
		SccProjectTopLevelParentUniqueName20 = ExternalCredit.sln
		SccProjectName20 = AssureAnalysisProgram
		SccLocalPath20 = AssureAnalysisProgram
		SccProjectUniqueName21 = AssureCommitQueryProgram\\AssureCommitQueryProgram.csproj
		SccProjectTopLevelParentUniqueName21 = ExternalCredit.sln
		SccProjectName21 = AssureCommitQueryProgram
		SccLocalPath21 = AssureCommitQueryProgram
		SccProjectUniqueName22 = AssureMaintainProgram\\AssureMaintainProgram.csproj
		SccProjectTopLevelParentUniqueName22 = ExternalCredit.sln
		SccProjectName22 = AssureMaintainProgram
		SccLocalPath22 = AssureMaintainProgram
		SccProjectUniqueName23 = AssureReportedProgram\\AssureReportedProgram.csproj
		SccProjectTopLevelParentUniqueName23 = ExternalCredit.sln
		SccProjectName23 = AssureReportedProgram
		SccLocalPath23 = AssureReportedProgram
		SccProjectUniqueName24 = AssureReportedAfterProgram\\AssureReportedAfterProgram.csproj
		SccProjectTopLevelParentUniqueName24 = ExternalCredit.sln
		SccProjectName24 = AssureReportedAfterProgram
		SccLocalPath24 = AssureReportedAfterProgram
		SccProjectUniqueName25 = Vcredit.ExternalCredit.AssureWeb\\Vcredit.ExternalCredit.AssureWeb.csproj
		SccProjectTopLevelParentUniqueName25 = ExternalCredit.sln
		SccProjectName25 = Vcredit.ExternalCredit.AssureWeb
		SccLocalPath25 = Vcredit.ExternalCredit.AssureWeb
		SccProjectUniqueName26 = AssureConnectionFailedMarkFailProgram\\AssureConnectionFailedMarkFailProgram.csproj
		SccProjectTopLevelParentUniqueName26 = ExternalCredit.sln
		SccProjectName26 = AssureConnectionFailedMarkFailProgram
		SccLocalPath26 = AssureConnectionFailedMarkFailProgram
		SccProjectUniqueName27 = UpLoadingMarkDefaultProgram\\UpLoadingMarkDefaultProgram.csproj
		SccProjectTopLevelParentUniqueName27 = ExternalCredit.sln
		SccProjectName27 = UpLoadingMarkDefaultProgram
		SccLocalPath27 = UpLoadingMarkDefaultProgram
		SccProjectUniqueName28 = GetAuthFIles\\GetAuthFIles.csproj
		SccProjectTopLevelParentUniqueName28 = ExternalCredit.sln
		SccProjectName28 = GetAuthFIles
		SccLocalPath28 = GetAuthFIles
		SccProjectUniqueName29 = QueryCredit\\QueryCredit.csproj
		SccProjectTopLevelParentUniqueName29 = ExternalCredit.sln
		SccProjectName29 = QueryCredit
		SccLocalPath29 = QueryCredit
		SccProjectUniqueName30 = AssureVerifyErrorData\\AssureVerifyErrorData.csproj
		SccProjectTopLevelParentUniqueName30 = ExternalCredit.sln
		SccProjectName30 = AssureVerifyErrorData
		SccLocalPath30 = AssureVerifyErrorData
		SccProjectUniqueName31 = QueryCreditByCert_NO\\QueryCreditByCert_NO.csproj
		SccProjectTopLevelParentUniqueName31 = ExternalCredit.sln
		SccProjectName31 = QueryCreditByCert_NO
		SccLocalPath31 = QueryCreditByCert_NO
		SccProjectUniqueName32 = AssureDeleteProgram\\AssureDeleteProgram.csproj
		SccProjectTopLevelParentUniqueName32 = ExternalCredit.sln
		SccProjectName32 = AssureDeleteProgram
		SccLocalPath32 = AssureDeleteProgram
	EndGlobalSection
EndGlobal
